
Microsoft Visual Studio Solution File, Format Version 12.00
# Visual Studio 14
VisualStudioVersion = 14.0.25420.1
MinimumVisualStudioVersion = 10.0.40219.1
Project("{FAE04EC0-301F-11D3-BF4B-00C04F79EFBC}") = "Ejemplo01", "Ejemplo01\Ejemplo01.csproj", "{05B60D99-6355-4AB1-AFA8-D39ABFF7F7DF}"
EndProject
Project("{FAE04EC0-301F-11D3-BF4B-00C04F79EFBC}") = "Ejemplo02", "Ejemplo02\Ejemplo02.csproj", "{F206418B-17F5-425A-80B3-64F38246199B}"
EndProject
Project("{FAE04EC0-301F-11D3-BF4B-00C04F79EFBC}") = "Ejemplo02T", "Ejemplo02T\Ejemplo02T.csproj", "{A4FB65AA-3D00-4404-A85A-45286C2711FC}"
EndProject
Project("{FAE04EC0-301F-11D3-BF4B-00C04F79EFBC}") = "Ejemplo01T", "Ejemplo01T\Ejemplo01T.csproj", "{85B271E7-20A3-4151-8A08-7FF7929AD8D2}"
EndProject
Project("{FAE04EC0-301F-11D3-BF4B-00C04F79EFBC}") = "Ejemplo03", "Ejemplo03\Ejemplo03.csproj", "{67943D9D-CA98-48FC-99D5-8E3A35973CCF}"
EndProject
Project("{FAE04EC0-301F-11D3-BF4B-00C04F79EFBC}") = "Ejemplo03T", "Ejemplo03T\Ejemplo03T.csproj", "{EC48AA7D-2A89-4510-AF9B-C7F4E432113A}"
EndProject
Project("{FAE04EC0-301F-11D3-BF4B-00C04F79EFBC}") = "Ejemplo04T", "Ejemplo04T\Ejemplo04T.csproj", "{0393E574-30B8-4563-AB5C-9EB0D044F7AC}"
EndProject
Project("{FAE04EC0-301F-11D3-BF4B-00C04F79EFBC}") = "Ejemplo06", "Ejemplo06\Ejemplo06.csproj", "{B89F2831-2BF2-4386-A30E-2413BE222933}"
EndProject
Project("{FAE04EC0-301F-11D3-BF4B-00C04F79EFBC}") = "Ejemplo07", "Ejemplo07\Ejemplo07.csproj", "{C540F0FE-F9E4-49E1-BCB1-20DCC07B6DC8}"
EndProject
Project("{FAE04EC0-301F-11D3-BF4B-00C04F79EFBC}") = "Ejemplo08", "Ejemplo08\Ejemplo08.csproj", "{8DEF09B2-D8C6-4D66-9B0F-05BC8F99F993}"
EndProject
Project("{FAE04EC0-301F-11D3-BF4B-00C04F79EFBC}") = "Ejemplo09", "Ejemplo09\Ejemplo09.csproj", "{91567EB1-46EE-48C9-B6B7-ADD4BF1E5496}"
EndProject
Project("{FAE04EC0-301F-11D3-BF4B-00C04F79EFBC}") = "Ejemplo10", "Ejemplo10\Ejemplo10.csproj", "{4D90EF32-E50B-459B-BC4D-C08882DB7992}"
EndProject
Project("{FAE04EC0-301F-11D3-BF4B-00C04F79EFBC}") = "Ejemplo11", "Ejemplo11\Ejemplo11.csproj", "{CEB354BE-78F2-4665-9E43-C148D5A52EEC}"
EndProject
Global
	GlobalSection(SolutionConfigurationPlatforms) = preSolution
		Debug|Any CPU = Debug|Any CPU
		Release|Any CPU = Release|Any CPU
	EndGlobalSection
	GlobalSection(ProjectConfigurationPlatforms) = postSolution
		{05B60D99-6355-4AB1-AFA8-D39ABFF7F7DF}.Debug|Any CPU.ActiveCfg = Debug|Any CPU
		{05B60D99-6355-4AB1-AFA8-D39ABFF7F7DF}.Debug|Any CPU.Build.0 = Debug|Any CPU
		{05B60D99-6355-4AB1-AFA8-D39ABFF7F7DF}.Release|Any CPU.ActiveCfg = Release|Any CPU
		{05B60D99-6355-4AB1-AFA8-D39ABFF7F7DF}.Release|Any CPU.Build.0 = Release|Any CPU
		{F206418B-17F5-425A-80B3-64F38246199B}.Debug|Any CPU.ActiveCfg = Debug|Any CPU
		{F206418B-17F5-425A-80B3-64F38246199B}.Debug|Any CPU.Build.0 = Debug|Any CPU
		{F206418B-17F5-425A-80B3-64F38246199B}.Release|Any CPU.ActiveCfg = Release|Any CPU
		{F206418B-17F5-425A-80B3-64F38246199B}.Release|Any CPU.Build.0 = Release|Any CPU
		{A4FB65AA-3D00-4404-A85A-45286C2711FC}.Debug|Any CPU.ActiveCfg = Debug|Any CPU
		{A4FB65AA-3D00-4404-A85A-45286C2711FC}.Debug|Any CPU.Build.0 = Debug|Any CPU
		{A4FB65AA-3D00-4404-A85A-45286C2711FC}.Release|Any CPU.ActiveCfg = Release|Any CPU
		{A4FB65AA-3D00-4404-A85A-45286C2711FC}.Release|Any CPU.Build.0 = Release|Any CPU
		{85B271E7-20A3-4151-8A08-7FF7929AD8D2}.Debug|Any CPU.ActiveCfg = Debug|Any CPU
		{85B271E7-20A3-4151-8A08-7FF7929AD8D2}.Debug|Any CPU.Build.0 = Debug|Any CPU
		{85B271E7-20A3-4151-8A08-7FF7929AD8D2}.Release|Any CPU.ActiveCfg = Release|Any CPU
		{85B271E7-20A3-4151-8A08-7FF7929AD8D2}.Release|Any CPU.Build.0 = Release|Any CPU
		{67943D9D-CA98-48FC-99D5-8E3A35973CCF}.Debug|Any CPU.ActiveCfg = Debug|Any CPU
		{67943D9D-CA98-48FC-99D5-8E3A35973CCF}.Debug|Any CPU.Build.0 = Debug|Any CPU
		{67943D9D-CA98-48FC-99D5-8E3A35973CCF}.Release|Any CPU.ActiveCfg = Release|Any CPU
		{67943D9D-CA98-48FC-99D5-8E3A35973CCF}.Release|Any CPU.Build.0 = Release|Any CPU
		{EC48AA7D-2A89-4510-AF9B-C7F4E432113A}.Debug|Any CPU.ActiveCfg = Debug|Any CPU
		{EC48AA7D-2A89-4510-AF9B-C7F4E432113A}.Debug|Any CPU.Build.0 = Debug|Any CPU
		{EC48AA7D-2A89-4510-AF9B-C7F4E432113A}.Release|Any CPU.ActiveCfg = Release|Any CPU
		{EC48AA7D-2A89-4510-AF9B-C7F4E432113A}.Release|Any CPU.Build.0 = Release|Any CPU
		{0393E574-30B8-4563-AB5C-9EB0D044F7AC}.Debug|Any CPU.ActiveCfg = Debug|Any CPU
		{0393E574-30B8-4563-AB5C-9EB0D044F7AC}.Debug|Any CPU.Build.0 = Debug|Any CPU
		{0393E574-30B8-4563-AB5C-9EB0D044F7AC}.Release|Any CPU.ActiveCfg = Release|Any CPU
		{0393E574-30B8-4563-AB5C-9EB0D044F7AC}.Release|Any CPU.Build.0 = Release|Any CPU
		{B89F2831-2BF2-4386-A30E-2413BE222933}.Debug|Any CPU.ActiveCfg = Debug|Any CPU
		{B89F2831-2BF2-4386-A30E-2413BE222933}.Debug|Any CPU.Build.0 = Debug|Any CPU
		{B89F2831-2BF2-4386-A30E-2413BE222933}.Release|Any CPU.ActiveCfg = Release|Any CPU
		{B89F2831-2BF2-4386-A30E-2413BE222933}.Release|Any CPU.Build.0 = Release|Any CPU
		{C540F0FE-F9E4-49E1-BCB1-20DCC07B6DC8}.Debug|Any CPU.ActiveCfg = Debug|Any CPU
		{C540F0FE-F9E4-49E1-BCB1-20DCC07B6DC8}.Debug|Any CPU.Build.0 = Debug|Any CPU
		{C540F0FE-F9E4-49E1-BCB1-20DCC07B6DC8}.Release|Any CPU.ActiveCfg = Release|Any CPU
		{C540F0FE-F9E4-49E1-BCB1-20DCC07B6DC8}.Release|Any CPU.Build.0 = Release|Any CPU
		{8DEF09B2-D8C6-4D66-9B0F-05BC8F99F993}.Debug|Any CPU.ActiveCfg = Debug|Any CPU
		{8DEF09B2-D8C6-4D66-9B0F-05BC8F99F993}.Debug|Any CPU.Build.0 = Debug|Any CPU
		{8DEF09B2-D8C6-4D66-9B0F-05BC8F99F993}.Release|Any CPU.ActiveCfg = Release|Any CPU
		{8DEF09B2-D8C6-4D66-9B0F-05BC8F99F993}.Release|Any CPU.Build.0 = Release|Any CPU
		{91567EB1-46EE-48C9-B6B7-ADD4BF1E5496}.Debug|Any CPU.ActiveCfg = Debug|Any CPU
		{91567EB1-46EE-48C9-B6B7-ADD4BF1E5496}.Debug|Any CPU.Build.0 = Debug|Any CPU
		{91567EB1-46EE-48C9-B6B7-ADD4BF1E5496}.Release|Any CPU.ActiveCfg = Release|Any CPU
		{91567EB1-46EE-48C9-B6B7-ADD4BF1E5496}.Release|Any CPU.Build.0 = Release|Any CPU
		{4D90EF32-E50B-459B-BC4D-C08882DB7992}.Debug|Any CPU.ActiveCfg = Debug|Any CPU
		{4D90EF32-E50B-459B-BC4D-C08882DB7992}.Debug|Any CPU.Build.0 = Debug|Any CPU
		{4D90EF32-E50B-459B-BC4D-C08882DB7992}.Release|Any CPU.ActiveCfg = Release|Any CPU
		{4D90EF32-E50B-459B-BC4D-C08882DB7992}.Release|Any CPU.Build.0 = Release|Any CPU
		{CEB354BE-78F2-4665-9E43-C148D5A52EEC}.Debug|Any CPU.ActiveCfg = Debug|Any CPU
		{CEB354BE-78F2-4665-9E43-C148D5A52EEC}.Debug|Any CPU.Build.0 = Debug|Any CPU
		{CEB354BE-78F2-4665-9E43-C148D5A52EEC}.Release|Any CPU.ActiveCfg = Release|Any CPU
		{CEB354BE-78F2-4665-9E43-C148D5A52EEC}.Release|Any CPU.Build.0 = Release|Any CPU
	EndGlobalSection
	GlobalSection(SolutionProperties) = preSolution
		HideSolutionNode = FALSE
	EndGlobalSection
EndGlobal
